
Microsoft Visual Studio Solution File, Format Version 12.00
# Visual Studio Version 16
VisualStudioVersion = 16.0.30114.105
MinimumVisualStudioVersion = 10.0.40219.1
Project("{FAE04EC0-301F-11D3-BF4B-00C04F79EFBC}") = "proeventos.Application", "proeventos.Application\proeventos.Application.csproj", "{162664D1-5389-45A4-BF63-F96C88B99ACE}"
EndProject
Project("{FAE04EC0-301F-11D3-BF4B-00C04F79EFBC}") = "proeventos.Domain", "proeventos.Domain\proeventos.Domain.csproj", "{38555E28-68B9-495A-9B45-F2E335D7A6DE}"
EndProject
Project("{FAE04EC0-301F-11D3-BF4B-00C04F79EFBC}") = "proeventos.Persistence", "proeventos.Persistence\proeventos.Persistence.csproj", "{FDE71FBA-FA8F-498B-AEC4-CCA53BE4FDE6}"
EndProject
Project("{FAE04EC0-301F-11D3-BF4B-00C04F79EFBC}") = "proeventos.api", "proeventos.api\proeventos.api.csproj", "{EAF9B3AD-B809-439C-B329-9D0A9DE116F7}"
EndProject
Global
	GlobalSection(SolutionConfigurationPlatforms) = preSolution
		Debug|Any CPU = Debug|Any CPU
		Debug|x64 = Debug|x64
		Debug|x86 = Debug|x86
		Release|Any CPU = Release|Any CPU
		Release|x64 = Release|x64
		Release|x86 = Release|x86
	EndGlobalSection
	GlobalSection(SolutionProperties) = preSolution
		HideSolutionNode = FALSE
	EndGlobalSection
	GlobalSection(ProjectConfigurationPlatforms) = postSolution
		{162664D1-5389-45A4-BF63-F96C88B99ACE}.Debug|Any CPU.ActiveCfg = Debug|Any CPU
		{162664D1-5389-45A4-BF63-F96C88B99ACE}.Debug|Any CPU.Build.0 = Debug|Any CPU
		{162664D1-5389-45A4-BF63-F96C88B99ACE}.Debug|x64.ActiveCfg = Debug|Any CPU
		{162664D1-5389-45A4-BF63-F96C88B99ACE}.Debug|x64.Build.0 = Debug|Any CPU
		{162664D1-5389-45A4-BF63-F96C88B99ACE}.Debug|x86.ActiveCfg = Debug|Any CPU
		{162664D1-5389-45A4-BF63-F96C88B99ACE}.Debug|x86.Build.0 = Debug|Any CPU
		{162664D1-5389-45A4-BF63-F96C88B99ACE}.Release|Any CPU.ActiveCfg = Release|Any CPU
		{162664D1-5389-45A4-BF63-F96C88B99ACE}.Release|Any CPU.Build.0 = Release|Any CPU
		{162664D1-5389-45A4-BF63-F96C88B99ACE}.Release|x64.ActiveCfg = Release|Any CPU
		{162664D1-5389-45A4-BF63-F96C88B99ACE}.Release|x64.Build.0 = Release|Any CPU
		{162664D1-5389-45A4-BF63-F96C88B99ACE}.Release|x86.ActiveCfg = Release|Any CPU
		{162664D1-5389-45A4-BF63-F96C88B99ACE}.Release|x86.Build.0 = Release|Any CPU
		{38555E28-68B9-495A-9B45-F2E335D7A6DE}.Debug|Any CPU.ActiveCfg = Debug|Any CPU
		{38555E28-68B9-495A-9B45-F2E335D7A6DE}.Debug|Any CPU.Build.0 = Debug|Any CPU
		{38555E28-68B9-495A-9B45-F2E335D7A6DE}.Debug|x64.ActiveCfg = Debug|Any CPU
		{38555E28-68B9-495A-9B45-F2E335D7A6DE}.Debug|x64.Build.0 = Debug|Any CPU
		{38555E28-68B9-495A-9B45-F2E335D7A6DE}.Debug|x86.ActiveCfg = Debug|Any CPU
		{38555E28-68B9-495A-9B45-F2E335D7A6DE}.Debug|x86.Build.0 = Debug|Any CPU
		{38555E28-68B9-495A-9B45-F2E335D7A6DE}.Release|Any CPU.ActiveCfg = Release|Any CPU
		{38555E28-68B9-495A-9B45-F2E335D7A6DE}.Release|Any CPU.Build.0 = Release|Any CPU
		{38555E28-68B9-495A-9B45-F2E335D7A6DE}.Release|x64.ActiveCfg = Release|Any CPU
		{38555E28-68B9-495A-9B45-F2E335D7A6DE}.Release|x64.Build.0 = Release|Any CPU
		{38555E28-68B9-495A-9B45-F2E335D7A6DE}.Release|x86.ActiveCfg = Release|Any CPU
		{38555E28-68B9-495A-9B45-F2E335D7A6DE}.Release|x86.Build.0 = Release|Any CPU
		{FDE71FBA-FA8F-498B-AEC4-CCA53BE4FDE6}.Debug|Any CPU.ActiveCfg = Debug|Any CPU
		{FDE71FBA-FA8F-498B-AEC4-CCA53BE4FDE6}.Debug|Any CPU.Build.0 = Debug|Any CPU
		{FDE71FBA-FA8F-498B-AEC4-CCA53BE4FDE6}.Debug|x64.ActiveCfg = Debug|Any CPU
		{FDE71FBA-FA8F-498B-AEC4-CCA53BE4FDE6}.Debug|x64.Build.0 = Debug|Any CPU
		{FDE71FBA-FA8F-498B-AEC4-CCA53BE4FDE6}.Debug|x86.ActiveCfg = Debug|Any CPU
		{FDE71FBA-FA8F-498B-AEC4-CCA53BE4FDE6}.Debug|x86.Build.0 = Debug|Any CPU
		{FDE71FBA-FA8F-498B-AEC4-CCA53BE4FDE6}.Release|Any CPU.ActiveCfg = Release|Any CPU
		{FDE71FBA-FA8F-498B-AEC4-CCA53BE4FDE6}.Release|Any CPU.Build.0 = Release|Any CPU
		{FDE71FBA-FA8F-498B-AEC4-CCA53BE4FDE6}.Release|x64.ActiveCfg = Release|Any CPU
		{FDE71FBA-FA8F-498B-AEC4-CCA53BE4FDE6}.Release|x64.Build.0 = Release|Any CPU
		{FDE71FBA-FA8F-498B-AEC4-CCA53BE4FDE6}.Release|x86.ActiveCfg = Release|Any CPU
		{FDE71FBA-FA8F-498B-AEC4-CCA53BE4FDE6}.Release|x86.Build.0 = Release|Any CPU
		{EAF9B3AD-B809-439C-B329-9D0A9DE116F7}.Debug|Any CPU.ActiveCfg = Debug|Any CPU
		{EAF9B3AD-B809-439C-B329-9D0A9DE116F7}.Debug|Any CPU.Build.0 = Debug|Any CPU
		{EAF9B3AD-B809-439C-B329-9D0A9DE116F7}.Debug|x64.ActiveCfg = Debug|Any CPU
		{EAF9B3AD-B809-439C-B329-9D0A9DE116F7}.Debug|x64.Build.0 = Debug|Any CPU
		{EAF9B3AD-B809-439C-B329-9D0A9DE116F7}.Debug|x86.ActiveCfg = Debug|Any CPU
		{EAF9B3AD-B809-439C-B329-9D0A9DE116F7}.Debug|x86.Build.0 = Debug|Any CPU
		{EAF9B3AD-B809-439C-B329-9D0A9DE116F7}.Release|Any CPU.ActiveCfg = Release|Any CPU
		{EAF9B3AD-B809-439C-B329-9D0A9DE116F7}.Release|Any CPU.Build.0 = Release|Any CPU
		{EAF9B3AD-B809-439C-B329-9D0A9DE116F7}.Release|x64.ActiveCfg = Release|Any CPU
		{EAF9B3AD-B809-439C-B329-9D0A9DE116F7}.Release|x64.Build.0 = Release|Any CPU
		{EAF9B3AD-B809-439C-B329-9D0A9DE116F7}.Release|x86.ActiveCfg = Release|Any CPU
		{EAF9B3AD-B809-439C-B329-9D0A9DE116F7}.Release|x86.Build.0 = Release|Any CPU
	EndGlobalSection
EndGlobal
